[root]
name = "BGJ08"
version = "0.0.1"
dependencies = [
 "graphics 0.0.0 (git+https://github.com/PistonDevelopers/graphics.git#7d501903e48c1497e3bab7ce0bbfb6b1aa01be12)",
 "ncollide2df64 0.1.0 (git+https://github.com/sebcrozet/ncollide#faa6a51c1e15b97c773b1ebae926f007cc3737bf)",
 "opengl_graphics 0.0.0 (git+https://github.com/PistonDevelopers/opengl_graphics.git#4a815e0ba92c0879d87855af4f0bdbeb78398900)",
 "piston 0.0.0 (git+https://github.com/PistonDevelopers/piston.git#8bd0f9dfbf98dbef4ef9d66c9da877b26cdd7fec)",
 "sdl2_game_window 0.0.0 (git+https://github.com/PistonDevelopers/sdl2_game_window.git#2c83eb91d2be0fcefb4432cf10ac6f6bb5e621cf)",
]

[[package]]
name = "cam"
version = "0.0.0"
source = "git+https://github.com/pistondevelopers/cam#82a20187d0e81b5dff399f181017c4ed542c170e"
dependencies = [
 "input 0.0.0 (git+https://github.com/pistondevelopers/input#17ca9c4a96cf56b3c3c5c01824ee237e37542b00)",
 "vecmath 0.0.0 (git+https://github.com/PistonDevelopers/vecmath#9c48e398472d08ac74e7833ad8b94adbf801c2a8)",
]

[[package]]
name = "event"
version = "0.0.0"
source = "git+https://github.com/pistondevelopers/event#5645d65568d326bf85dd8e26afc96c0f99bed3bd"
dependencies = [
 "input 0.0.0 (git+https://github.com/pistondevelopers/input#17ca9c4a96cf56b3c3c5c01824ee237e37542b00)",
]

[[package]]
name = "genmesh"
version = "0.1.0"
source = "git+https://github.com/csherratt/genmesh.git#8fc064208cfed8ee0f6539862a8065bab7319303"

[[package]]
name = "gl"
version = "0.0.1"
source = "git+https://github.com/bjz/gl-rs#feed7be39546edb7e8781e3fbe5892caa41a5383"
dependencies = [
 "gl_generator 0.0.1 (git+https://github.com/bjz/gl-rs#feed7be39546edb7e8781e3fbe5892caa41a5383)",
]

[[package]]
name = "gl_generator"
version = "0.0.1"
source = "git+https://github.com/bjz/gl-rs#feed7be39546edb7e8781e3fbe5892caa41a5383"
dependencies = [
 "khronos_api 0.0.1 (git+https://github.com/bjz/gl-rs#feed7be39546edb7e8781e3fbe5892caa41a5383)",
 "rust-xml 0.1.0 (git+https://github.com/netvl/rust-xml#f86f02b3b1c355080136b0acc322b3318c195cda)",
]

[[package]]
name = "graphics"
version = "0.0.0"
source = "git+https://github.com/PistonDevelopers/graphics.git#7d501903e48c1497e3bab7ce0bbfb6b1aa01be12"
dependencies = [
 "vecmath 0.0.0 (git+https://github.com/PistonDevelopers/vecmath#9c48e398472d08ac74e7833ad8b94adbf801c2a8)",
]

[[package]]
name = "image"
version = "0.0.0"
source = "git+https://github.com/pistondevelopers/image#a69748eed4494fff905030dd54eeebf8a5ebc7d3"

[[package]]
name = "input"
version = "0.0.0"
source = "git+https://github.com/pistondevelopers/input#17ca9c4a96cf56b3c3c5c01824ee237e37542b00"

[[package]]
name = "khronos_api"
version = "0.0.1"
source = "git+https://github.com/bjz/gl-rs#feed7be39546edb7e8781e3fbe5892caa41a5383"

[[package]]
name = "nalgebra"
version = "0.1.0"
source = "git+https://github.com/sebcrozet/nalgebra#8288ebdfabdab002df9b47429fa176850b945f51"

[[package]]
name = "ncollide2df64"
version = "0.1.0"
source = "git+https://github.com/sebcrozet/ncollide#faa6a51c1e15b97c773b1ebae926f007cc3737bf"
dependencies = [
 "nalgebra 0.1.0 (git+https://github.com/sebcrozet/nalgebra#8288ebdfabdab002df9b47429fa176850b945f51)",
]

[[package]]
name = "noise-rs"
version = "0.0.1"
source = "git+https://github.com/bjz/noise-rs#efd7125385cacae0f911032345729c8cfd98f72c"

[[package]]
name = "opengl_graphics"
version = "0.0.0"
source = "git+https://github.com/PistonDevelopers/opengl_graphics.git#4a815e0ba92c0879d87855af4f0bdbeb78398900"
dependencies = [
 "gl 0.0.1 (git+https://github.com/bjz/gl-rs#feed7be39546edb7e8781e3fbe5892caa41a5383)",
 "graphics 0.0.0 (git+https://github.com/PistonDevelopers/graphics.git#7d501903e48c1497e3bab7ce0bbfb6b1aa01be12)",
 "image 0.0.0 (git+https://github.com/pistondevelopers/image#a69748eed4494fff905030dd54eeebf8a5ebc7d3)",
 "shader_version 0.0.0 (git+https://github.com/pistondevelopers/shader_version#c561d15e7d3a561271222daefe073054f5d62b8c)",
]

[[package]]
name = "piston"
version = "0.0.0"
source = "git+https://github.com/PistonDevelopers/piston.git#8bd0f9dfbf98dbef4ef9d66c9da877b26cdd7fec"
dependencies = [
 "cam 0.0.0 (git+https://github.com/pistondevelopers/cam#82a20187d0e81b5dff399f181017c4ed542c170e)",
 "event 0.0.0 (git+https://github.com/pistondevelopers/event#5645d65568d326bf85dd8e26afc96c0f99bed3bd)",
 "genmesh 0.1.0 (git+https://github.com/csherratt/genmesh.git#8fc064208cfed8ee0f6539862a8065bab7319303)",
 "graphics 0.0.0 (git+https://github.com/PistonDevelopers/graphics.git#7d501903e48c1497e3bab7ce0bbfb6b1aa01be12)",
 "image 0.0.0 (git+https://github.com/pistondevelopers/image#a69748eed4494fff905030dd54eeebf8a5ebc7d3)",
 "input 0.0.0 (git+https://github.com/pistondevelopers/input#17ca9c4a96cf56b3c3c5c01824ee237e37542b00)",
 "noise-rs 0.0.1 (git+https://github.com/bjz/noise-rs#efd7125385cacae0f911032345729c8cfd98f72c)",
 "shader_version 0.0.0 (git+https://github.com/pistondevelopers/shader_version#c561d15e7d3a561271222daefe073054f5d62b8c)",
 "sprite 0.0.0 (git+https://github.com/pistondevelopers/sprite#c85d22e6b2da6b453b4801d0af5d5b73f1c1905b)",
 "vecmath 0.0.0 (git+https://github.com/PistonDevelopers/vecmath#9c48e398472d08ac74e7833ad8b94adbf801c2a8)",
]

[[package]]
name = "rust-xml"
version = "0.1.0"
source = "git+https://github.com/netvl/rust-xml#f86f02b3b1c355080136b0acc322b3318c195cda"

[[package]]
name = "sdl2"
version = "0.0.1-alpha.1"
source = "git+https://github.com/AngryLawyer/rust-sdl2#99c95bd85641234b29b361000681e9df132b5529"

[[package]]
name = "sdl2_game_window"
version = "0.0.0"
source = "git+https://github.com/PistonDevelopers/sdl2_game_window.git#2c83eb91d2be0fcefb4432cf10ac6f6bb5e621cf"
dependencies = [
 "event 0.0.0 (git+https://github.com/pistondevelopers/event#5645d65568d326bf85dd8e26afc96c0f99bed3bd)",
 "gl 0.0.1 (git+https://github.com/bjz/gl-rs#feed7be39546edb7e8781e3fbe5892caa41a5383)",
 "input 0.0.0 (git+https://github.com/pistondevelopers/input#17ca9c4a96cf56b3c3c5c01824ee237e37542b00)",
 "sdl2 0.0.1-alpha.1 (git+https://github.com/AngryLawyer/rust-sdl2#99c95bd85641234b29b361000681e9df132b5529)",
 "shader_version 0.0.0 (git+https://github.com/pistondevelopers/shader_version#c561d15e7d3a561271222daefe073054f5d62b8c)",
]

[[package]]
name = "shader_version"
version = "0.0.0"
source = "git+https://github.com/pistondevelopers/shader_version#c561d15e7d3a561271222daefe073054f5d62b8c"

[[package]]
name = "sprite"
version = "0.0.0"
source = "git+https://github.com/pistondevelopers/sprite#c85d22e6b2da6b453b4801d0af5d5b73f1c1905b"
dependencies = [
 "event 0.0.0 (git+https://github.com/pistondevelopers/event#5645d65568d326bf85dd8e26afc96c0f99bed3bd)",
 "graphics 0.0.0 (git+https://github.com/PistonDevelopers/graphics.git#7d501903e48c1497e3bab7ce0bbfb6b1aa01be12)",
 "uuid 0.0.1 (git+https://github.com/rust-lang/uuid#c6159089a491ff4398c6d423263a085c95092a04)",
]

[[package]]
name = "uuid"
version = "0.0.1"
source = "git+https://github.com/rust-lang/uuid#c6159089a491ff4398c6d423263a085c95092a04"

[[package]]
name = "vecmath"
version = "0.0.0"
source = "git+https://github.com/PistonDevelopers/vecmath#9c48e398472d08ac74e7833ad8b94adbf801c2a8"

